// !$*UTF8*$!
{
	archiveVersion = 1;
	classes = {
	};
	objectVersion = 50;
	objects = {

/* Begin PBXBuildFile section */
		4CC14E937071B9BED91E1374 /* Pods_MyGame.framework in Frameworks */ = {isa = PBXBuildFile; fileRef = D15EAF5EB38EBDC80B048367 /* Pods_MyGame.framework */; };
		7D5E743924F4B02E00C2044A /* Land.swift in Sources */ = {isa = PBXBuildFile; fileRef = 7D5E743824F4B02E00C2044A /* Land.swift */; };
		7D5E743B24F4B03B00C2044A /* Ball.swift in Sources */ = {isa = PBXBuildFile; fileRef = 7D5E743A24F4B03B00C2044A /* Ball.swift */; };
		7D5E743D24F4B05100C2044A /* Obstruction.swift in Sources */ = {isa = PBXBuildFile; fileRef = 7D5E743C24F4B05100C2044A /* Obstruction.swift */; };
		7D5E743F24F4B31500C2044A /* GameObjectsSpriteable.swift in Sources */ = {isa = PBXBuildFile; fileRef = 7D5E743E24F4B31500C2044A /* GameObjectsSpriteable.swift */; };
		7D5E744224F4BA7E00C2044A /* Constants.swift in Sources */ = {isa = PBXBuildFile; fileRef = 7D5E744124F4BA7E00C2044A /* Constants.swift */; };
		7DA97C0D24F3DA49008F2AE8 /* BitMaskCategory.swift in Sources */ = {isa = PBXBuildFile; fileRef = 7DA97C0C24F3DA49008F2AE8 /* BitMaskCategory.swift */; };
		7DEE5A3B24F2681C00487BEF /* AppDelegate.swift in Sources */ = {isa = PBXBuildFile; fileRef = 7DEE5A3A24F2681C00487BEF /* AppDelegate.swift */; };
		7DEE5A3D24F2681C00487BEF /* GameScene.sks in Resources */ = {isa = PBXBuildFile; fileRef = 7DEE5A3C24F2681C00487BEF /* GameScene.sks */; };
		7DEE5A3F24F2681C00487BEF /* Actions.sks in Resources */ = {isa = PBXBuildFile; fileRef = 7DEE5A3E24F2681C00487BEF /* Actions.sks */; };
		7DEE5A4124F2681C00487BEF /* GameScene.swift in Sources */ = {isa = PBXBuildFile; fileRef = 7DEE5A4024F2681C00487BEF /* GameScene.swift */; };
		7DEE5A4324F2681C00487BEF /* GameViewController.swift in Sources */ = {isa = PBXBuildFile; fileRef = 7DEE5A4224F2681C00487BEF /* GameViewController.swift */; };
		7DEE5A4624F2681C00487BEF /* Main.storyboard in Resources */ = {isa = PBXBuildFile; fileRef = 7DEE5A4424F2681C00487BEF /* Main.storyboard */; };
		7DEE5A4824F2682200487BEF /* Assets.xcassets in Resources */ = {isa = PBXBuildFile; fileRef = 7DEE5A4724F2682200487BEF /* Assets.xcassets */; };
		7DEE5A4B24F2682200487BEF /* LaunchScreen.storyboard in Resources */ = {isa = PBXBuildFile; fileRef = 7DEE5A4924F2682200487BEF /* LaunchScreen.storyboard */; };
		7DEE5A5324F3097600487BEF /* Random.swift in Sources */ = {isa = PBXBuildFile; fileRef = 7DEE5A5224F3097600487BEF /* Random.swift */; };
/* End PBXBuildFile section */

/* Begin PBXFileReference section */
		7D5E743824F4B02E00C2044A /* Land.swift */ = {isa = PBXFileReference; lastKnownFileType = sourcecode.swift; path = Land.swift; sourceTree = "<group>"; };
		7D5E743A24F4B03B00C2044A /* Ball.swift */ = {isa = PBXFileReference; lastKnownFileType = sourcecode.swift; path = Ball.swift; sourceTree = "<group>"; };
		7D5E743C24F4B05100C2044A /* Obstruction.swift */ = {isa = PBXFileReference; lastKnownFileType = sourcecode.swift; path = Obstruction.swift; sourceTree = "<group>"; };
		7D5E743E24F4B31500C2044A /* GameObjectsSpriteable.swift */ = {isa = PBXFileReference; lastKnownFileType = sourcecode.swift; path = GameObjectsSpriteable.swift; sourceTree = "<group>"; };
		7D5E744124F4BA7E00C2044A /* Constants.swift */ = {isa = PBXFileReference; lastKnownFileType = sourcecode.swift; path = Constants.swift; sourceTree = "<group>"; };
		7DA97C0C24F3DA49008F2AE8 /* BitMaskCategory.swift */ = {isa = PBXFileReference; lastKnownFileType = sourcecode.swift; path = BitMaskCategory.swift; sourceTree = "<group>"; };
		7DEE5A3724F2681C00487BEF /* MyGame.app */ = {isa = PBXFileReference; explicitFileType = wrapper.application; includeInIndex = 0; path = MyGame.app; sourceTree = BUILT_PRODUCTS_DIR; };
		7DEE5A3A24F2681C00487BEF /* AppDelegate.swift */ = {isa = PBXFileReference; lastKnownFileType = sourcecode.swift; path = AppDelegate.swift; sourceTree = "<group>"; };
		7DEE5A3C24F2681C00487BEF /* GameScene.sks */ = {isa = PBXFileReference; lastKnownFileType = file.sks; path = GameScene.sks; sourceTree = "<group>"; };
		7DEE5A3E24F2681C00487BEF /* Actions.sks */ = {isa = PBXFileReference; lastKnownFileType = file.sks; path = Actions.sks; sourceTree = "<group>"; };
		7DEE5A4024F2681C00487BEF /* GameScene.swift */ = {isa = PBXFileReference; lastKnownFileType = sourcecode.swift; path = GameScene.swift; sourceTree = "<group>"; };
		7DEE5A4224F2681C00487BEF /* GameViewController.swift */ = {isa = PBXFileReference; lastKnownFileType = sourcecode.swift; path = GameViewController.swift; sourceTree = "<group>"; };
		7DEE5A4524F2681C00487BEF /* Base */ = {isa = PBXFileReference; lastKnownFileType = file.storyboard; name = Base; path = Base.lproj/Main.storyboard; sourceTree = "<group>"; };
		7DEE5A4724F2682200487BEF /* Assets.xcassets */ = {isa = PBXFileReference; lastKnownFileType = folder.assetcatalog; path = Assets.xcassets; sourceTree = "<group>"; };
		7DEE5A4A24F2682200487BEF /* Base */ = {isa = PBXFileReference; lastKnownFileType = file.storyboard; name = Base; path = Base.lproj/LaunchScreen.storyboard; sourceTree = "<group>"; };
		7DEE5A4C24F2682200487BEF /* Info.plist */ = {isa = PBXFileReference; lastKnownFileType = text.plist.xml; path = Info.plist; sourceTree = "<group>"; };
		7DEE5A5224F3097600487BEF /* Random.swift */ = {isa = PBXFileReference; lastKnownFileType = sourcecode.swift; path = Random.swift; sourceTree = "<group>"; };
		8FD451D78A96FC2BB8B79814 /* Pods-MyGame.release.xcconfig */ = {isa = PBXFileReference; includeInIndex = 1; lastKnownFileType = text.xcconfig; name = "Pods-MyGame.release.xcconfig"; path = "Target Support Files/Pods-MyGame/Pods-MyGame.release.xcconfig"; sourceTree = "<group>"; };
		CA610FBAE838538398B50CC5 /* Pods-MyGame.debug.xcconfig */ = {isa = PBXFileReference; includeInIndex = 1; lastKnownFileType = text.xcconfig; name = "Pods-MyGame.debug.xcconfig"; path = "Target Support Files/Pods-MyGame/Pods-MyGame.debug.xcconfig"; sourceTree = "<group>"; };
		D15EAF5EB38EBDC80B048367 /* Pods_MyGame.framework */ = {isa = PBXFileReference; explicitFileType = wrapper.framework; includeInIndex = 0; path = Pods_MyGame.framework; sourceTree = BUILT_PRODUCTS_DIR; };
/* End PBXFileReference section */

/* Begin PBXFrameworksBuildPhase section */
		7DEE5A3424F2681C00487BEF /* Frameworks */ = {
			isa = PBXFrameworksBuildPhase;
			buildActionMask = 2147483647;
			files = (
				4CC14E937071B9BED91E1374 /* Pods_MyGame.framework in Frameworks */,
			);
			runOnlyForDeploymentPostprocessing = 0;
		};
/* End PBXFrameworksBuildPhase section */

/* Begin PBXGroup section */
		58C5FD4653123436F9A68F66 /* Pods */ = {
			isa = PBXGroup;
			children = (
				CA610FBAE838538398B50CC5 /* Pods-MyGame.debug.xcconfig */,
				8FD451D78A96FC2BB8B79814 /* Pods-MyGame.release.xcconfig */,
			);
			name = Pods;
			path = Pods;
			sourceTree = "<group>";
		};
		60F02CA6AEC4D867337E2146 /* Frameworks */ = {
			isa = PBXGroup;
			children = (
				D15EAF5EB38EBDC80B048367 /* Pods_MyGame.framework */,
			);
			name = Frameworks;
			sourceTree = "<group>";
		};
		7D5E743324F4AF1100C2044A /* Extensions */ = {
			isa = PBXGroup;
			children = (
				7DEE5A5224F3097600487BEF /* Random.swift */,
			);
			path = Extensions;
			sourceTree = "<group>";
		};
		7D5E743424F4AF4100C2044A /* Controllers */ = {
			isa = PBXGroup;
			children = (
				7DEE5A4224F2681C00487BEF /* GameViewController.swift */,
			);
			path = Controllers;
			sourceTree = "<group>";
		};
		7D5E743524F4AF5800C2044A /* Models */ = {
			isa = PBXGroup;
			children = (
				7DA97C0C24F3DA49008F2AE8 /* BitMaskCategory.swift */,
				7D5E744124F4BA7E00C2044A /* Constants.swift */,
				7D5E743724F4AFD700C2044A /* Objects */,
			);
			path = Models;
			sourceTree = "<group>";
		};
		7D5E743624F4AFA100C2044A /* Supporting files */ = {
			isa = PBXGroup;
			children = (
				7DEE5A3A24F2681C00487BEF /* AppDelegate.swift */,
				7DEE5A4424F2681C00487BEF /* Main.storyboard */,
				7DEE5A4724F2682200487BEF /* Assets.xcassets */,
				7DEE5A4924F2682200487BEF /* LaunchScreen.storyboard */,
			);
			path = "Supporting files";
			sourceTree = "<group>";
		};
		7D5E743724F4AFD700C2044A /* Objects */ = {
			isa = PBXGroup;
			children = (
				7D5E743824F4B02E00C2044A /* Land.swift */,
				7D5E743A24F4B03B00C2044A /* Ball.swift */,
				7D5E743C24F4B05100C2044A /* Obstruction.swift */,
			);
			path = Objects;
			sourceTree = "<group>";
		};
		7D5E744024F4B31D00C2044A /* Protocols */ = {
			isa = PBXGroup;
			children = (
				7D5E743E24F4B31500C2044A /* GameObjectsSpriteable.swift */,
			);
			path = Protocols;
			sourceTree = "<group>";
		};
		7DEE5A2E24F2681C00487BEF = {
			isa = PBXGroup;
			children = (
				7DEE5A3924F2681C00487BEF /* MyGame */,
				7DEE5A3824F2681C00487BEF /* Products */,
				58C5FD4653123436F9A68F66 /* Pods */,
				60F02CA6AEC4D867337E2146 /* Frameworks */,
			);
			sourceTree = "<group>";
		};
		7DEE5A3824F2681C00487BEF /* Products */ = {
			isa = PBXGroup;
			children = (
				7DEE5A3724F2681C00487BEF /* MyGame.app */,
			);
			name = Products;
			sourceTree = "<group>";
		};
		7DEE5A3924F2681C00487BEF /* MyGame */ = {
			isa = PBXGroup;
			children = (
				7DEE5A3C24F2681C00487BEF /* GameScene.sks */,
				7DEE5A3E24F2681C00487BEF /* Actions.sks */,
				7DEE5A4024F2681C00487BEF /* GameScene.swift */,
				7D5E743524F4AF5800C2044A /* Models */,
				7D5E743424F4AF4100C2044A /* Controllers */,
				7D5E743324F4AF1100C2044A /* Extensions */,
				7D5E744024F4B31D00C2044A /* Protocols */,
				7D5E743624F4AFA100C2044A /* Supporting files */,
				7DEE5A4C24F2682200487BEF /* Info.plist */,
			);
			path = MyGame;
			sourceTree = "<group>";
		};
/* End PBXGroup section */

/* Begin PBXNativeTarget section */
		7DEE5A3624F2681C00487BEF /* MyGame */ = {
			isa = PBXNativeTarget;
			buildConfigurationList = 7DEE5A4F24F2682200487BEF /* Build configuration list for PBXNativeTarget "MyGame" */;
			buildPhases = (
				00274DF658487105239DFE3E /* [CP] Check Pods Manifest.lock */,
				7DEE5A3324F2681C00487BEF /* Sources */,
				7DEE5A3424F2681C00487BEF /* Frameworks */,
				7DEE5A3524F2681C00487BEF /* Resources */,
				729AB86972456D7AF88D0035 /* [CP] Embed Pods Frameworks */,
			);
			buildRules = (
			);
			dependencies = (
			);
			name = MyGame;
			productName = MyGame;
			productReference = 7DEE5A3724F2681C00487BEF /* MyGame.app */;
			productType = "com.apple.product-type.application";
		};
/* End PBXNativeTarget section */

/* Begin PBXProject section */
		7DEE5A2F24F2681C00487BEF /* Project object */ = {
			isa = PBXProject;
			attributes = {
				LastSwiftUpdateCheck = 1160;
				LastUpgradeCheck = 1160;
				ORGANIZATIONNAME = "Alexander Litvinov";
				TargetAttributes = {
					7DEE5A3624F2681C00487BEF = {
						CreatedOnToolsVersion = 11.6;
					};
				};
			};
			buildConfigurationList = 7DEE5A3224F2681C00487BEF /* Build configuration list for PBXProject "MyGame" */;
			compatibilityVersion = "Xcode 9.3";
			developmentRegion = en;
			hasScannedForEncodings = 0;
			knownRegions = (
				en,
				Base,
			);
			mainGroup = 7DEE5A2E24F2681C00487BEF;
			productRefGroup = 7DEE5A3824F2681C00487BEF /* Products */;
			projectDirPath = "";
			projectRoot = "";
			targets = (
				7DEE5A3624F2681C00487BEF /* MyGame */,
			);
		};
/* End PBXProject section */

/* Begin PBXResourcesBuildPhase section */
		7DEE5A3524F2681C00487BEF /* Resources */ = {
			isa = PBXResourcesBuildPhase;
			buildActionMask = 2147483647;
			files = (
				7DEE5A4624F2681C00487BEF /* Main.storyboard in Resources */,
				7DEE5A3D24F2681C00487BEF /* GameScene.sks in Resources */,
				7DEE5A4824F2682200487BEF /* Assets.xcassets in Resources */,
				7DEE5A4B24F2682200487BEF /* LaunchScreen.storyboard in Resources */,
				7DEE5A3F24F2681C00487BEF /* Actions.sks in Resources */,
			);
			runOnlyForDeploymentPostprocessing = 0;
		};
/* End PBXResourcesBuildPhase section */

/* Begin PBXShellScriptBuildPhase section */
		00274DF658487105239DFE3E /* [CP] Check Pods Manifest.lock */ = {
			isa = PBXShellScriptBuildPhase;
			buildActionMask = 2147483647;
			files = (
			);
			inputFileListPaths = (
			);
			inputPaths = (
				"${PODS_PODFILE_DIR_PATH}/Podfile.lock",
				"${PODS_ROOT}/Manifest.lock",
			);
			name = "[CP] Check Pods Manifest.lock";
			outputFileListPaths = (
			);
			outputPaths = (
				"$(DERIVED_FILE_DIR)/Pods-MyGame-checkManifestLockResult.txt",
			);
			runOnlyForDeploymentPostprocessing = 0;
			shellPath = /bin/sh;
			shellScript = "diff \"${PODS_PODFILE_DIR_PATH}/Podfile.lock\" \"${PODS_ROOT}/Manifest.lock\" > /dev/null\nif [ $? != 0 ] ; then\n    # print error to STDERR\n    echo \"error: The sandbox is not in sync with the Podfile.lock. Run 'pod install' or update your CocoaPods installation.\" >&2\n    exit 1\nfi\n# This output is used by Xcode 'outputs' to avoid re-running this script phase.\necho \"SUCCESS\" > \"${SCRIPT_OUTPUT_FILE_0}\"\n";
			showEnvVarsInLog = 0;
		};
		729AB86972456D7AF88D0035 /* [CP] Embed Pods Frameworks */ = {
			isa = PBXShellScriptBuildPhase;
			buildActionMask = 2147483647;
			files = (
			);
			inputFileListPaths = (
				"${PODS_ROOT}/Target Support Files/Pods-MyGame/Pods-MyGame-frameworks-${CONFIGURATION}-input-files.xcfilelist",
			);
			name = "[CP] Embed Pods Frameworks";
			outputFileListPaths = (
				"${PODS_ROOT}/Target Support Files/Pods-MyGame/Pods-MyGame-frameworks-${CONFIGURATION}-output-files.xcfilelist",
			);
			runOnlyForDeploymentPostprocessing = 0;
			shellPath = /bin/sh;
			shellScript = "\"${PODS_ROOT}/Target Support Files/Pods-MyGame/Pods-MyGame-frameworks.sh\"\n";
			showEnvVarsInLog = 0;
		};
/* End PBXShellScriptBuildPhase section */

/* Begin PBXSourcesBuildPhase section */
		7DEE5A3324F2681C00487BEF /* Sources */ = {
			isa = PBXSourcesBuildPhase;
			buildActionMask = 2147483647;
			files = (
				7D5E743D24F4B05100C2044A /* Obstruction.swift in Sources */,
				7DEE5A5324F3097600487BEF /* Random.swift in Sources */,
				7D5E743F24F4B31500C2044A /* GameObjectsSpriteable.swift in Sources */,
				7DEE5A4124F2681C00487BEF /* GameScene.swift in Sources */,
				7D5E743924F4B02E00C2044A /* Land.swift in Sources */,
				7D5E744224F4BA7E00C2044A /* Constants.swift in Sources */,
				7DA97C0D24F3DA49008F2AE8 /* BitMaskCategory.swift in Sources */,
				7DEE5A4324F2681C00487BEF /* GameViewController.swift in Sources */,
				7D5E743B24F4B03B00C2044A /* Ball.swift in Sources */,
				7DEE5A3B24F2681C00487BEF /* AppDelegate.swift in Sources */,
			);
			runOnlyForDeploymentPostprocessing = 0;
		};
/* End PBXSourcesBuildPhase section */

/* Begin PBXVariantGroup section */
		7DEE5A4424F2681C00487BEF /* Main.storyboard */ = {
			isa = PBXVariantGroup;
			children = (
				7DEE5A4524F2681C00487BEF /* Base */,
			);
			name = Main.storyboard;
			sourceTree = "<group>";
		};
		7DEE5A4924F2682200487BEF /* LaunchScreen.storyboard */ = {
			isa = PBXVariantGroup;
			children = (
				7DEE5A4A24F2682200487BEF /* Base */,
			);
			name = LaunchScreen.storyboard;
			sourceTree = "<group>";
		};
/* End PBXVariantGroup section */

/* Begin XCBuildConfiguration section */
		7DEE5A4D24F2682200487BEF /* Debug */ = {
			isa = XCBuildConfiguration;
			buildSettings = {
				ALWAYS_SEARCH_USER_PATHS = NO;
				CLANG_ANALYZER_NONNULL = YES;
				CLANG_ANALYZER_NUMBER_OBJECT_CONVERSION = YES_AGGRESSIVE;
				CLANG_CXX_LANGUAGE_STANDARD = "gnu++14";
				CLANG_CXX_LIBRARY = "libc++";
				CLANG_ENABLE_MODULES = YES;
				CLANG_ENABLE_OBJC_ARC = YES;
				CLANG_ENABLE_OBJC_WEAK = YES;
				CLANG_WARN_BLOCK_CAPTURE_AUTORELEASING = YES;
				CLANG_WARN_BOOL_CONVERSION = YES;
				CLANG_WARN_COMMA = YES;
				CLANG_WARN_CONSTANT_CONVERSION = YES;
				CLANG_WARN_DEPRECATED_OBJC_IMPLEMENTATIONS = YES;
				CLANG_WARN_DIRECT_OBJC_ISA_USAGE = YES_ERROR;
				CLANG_WARN_DOCUMENTATION_COMMENTS = YES;
				CLANG_WARN_EMPTY_BODY = YES;
				CLANG_WARN_ENUM_CONVERSION = YES;
				CLANG_WARN_INFINITE_RECURSION = YES;
				CLANG_WARN_INT_CONVERSION = YES;
				CLANG_WARN_NON_LITERAL_NULL_CONVERSION = YES;
				CLANG_WARN_OBJC_IMPLICIT_RETAIN_SELF = YES;
				CLANG_WARN_OBJC_LITERAL_CONVERSION = YES;
				CLANG_WARN_OBJC_ROOT_CLASS = YES_ERROR;
				CLANG_WARN_RANGE_LOOP_ANALYSIS = YES;
				CLANG_WARN_STRICT_PROTOTYPES = YES;
				CLANG_WARN_SUSPICIOUS_MOVE = YES;
				CLANG_WARN_UNGUARDED_AVAILABILITY = YES_AGGRESSIVE;
				CLANG_WARN_UNREACHABLE_CODE = YES;
				CLANG_WARN__DUPLICATE_METHOD_MATCH = YES;
				COPY_PHASE_STRIP = NO;
				DEBUG_INFORMATION_FORMAT = dwarf;
				ENABLE_STRICT_OBJC_MSGSEND = YES;
				ENABLE_TESTABILITY = YES;
				GCC_C_LANGUAGE_STANDARD = gnu11;
				GCC_DYNAMIC_NO_PIC = NO;
				GCC_NO_COMMON_BLOCKS = YES;
				GCC_OPTIMIZATION_LEVEL = 0;
				GCC_PREPROCESSOR_DEFINITIONS = (
					"DEBUG=1",
					"$(inherited)",
				);
				GCC_WARN_64_TO_32_BIT_CONVERSION = YES;
				GCC_WARN_ABOUT_RETURN_TYPE = YES_ERROR;
				GCC_WARN_UNDECLARED_SELECTOR = YES;
				GCC_WARN_UNINITIALIZED_AUTOS = YES_AGGRESSIVE;
				GCC_WARN_UNUSED_FUNCTION = YES;
				GCC_WARN_UNUSED_VARIABLE = YES;
				IPHONEOS_DEPLOYMENT_TARGET = 13.6;
				MTL_ENABLE_DEBUG_INFO = INCLUDE_SOURCE;
				MTL_FAST_MATH = YES;
				ONLY_ACTIVE_ARCH = YES;
				SDKROOT = iphoneos;
				SWIFT_ACTIVE_COMPILATION_CONDITIONS = DEBUG;
				SWIFT_OPTIMIZATION_LEVEL = "-Onone";
			};
			name = Debug;
		};
		7DEE5A4E24F2682200487BEF /* Release */ = {
			isa = XCBuildConfiguration;
			buildSettings = {
				ALWAYS_SEARCH_USER_PATHS = NO;
				CLANG_ANALYZER_NONNULL = YES;
				CLANG_ANALYZER_NUMBER_OBJECT_CONVERSION = YES_AGGRESSIVE;
				CLANG_CXX_LANGUAGE_STANDARD = "gnu++14";
				CLANG_CXX_LIBRARY = "libc++";
				CLANG_ENABLE_MODULES = YES;
				CLANG_ENABLE_OBJC_ARC = YES;
				CLANG_ENABLE_OBJC_WEAK = YES;
				CLANG_WARN_BLOCK_CAPTURE_AUTORELEASING = YES;
				CLANG_WARN_BOOL_CONVERSION = YES;
				CLANG_WARN_COMMA = YES;
				CLANG_WARN_CONSTANT_CONVERSION = YES;
				CLANG_WARN_DEPRECATED_OBJC_IMPLEMENTATIONS = YES;
				CLANG_WARN_DIRECT_OBJC_ISA_USAGE = YES_ERROR;
				CLANG_WARN_DOCUMENTATION_COMMENTS = YES;
				CLANG_WARN_EMPTY_BODY = YES;
				CLANG_WARN_ENUM_CONVERSION = YES;
				CLANG_WARN_INFINITE_RECURSION = YES;
				CLANG_WARN_INT_CONVERSION = YES;
				CLANG_WARN_NON_LITERAL_NULL_CONVERSION = YES;
				CLANG_WARN_OBJC_IMPLICIT_RETAIN_SELF = YES;
				CLANG_WARN_OBJC_LITERAL_CONVERSION = YES;
				CLANG_WARN_OBJC_ROOT_CLASS = YES_ERROR;
				CLANG_WARN_RANGE_LOOP_ANALYSIS = YES;
				CLANG_WARN_STRICT_PROTOTYPES = YES;
				CLANG_WARN_SUSPICIOUS_MOVE = YES;
				CLANG_WARN_UNGUARDED_AVAILABILITY = YES_AGGRESSIVE;
				CLANG_WARN_UNREACHABLE_CODE = YES;
				CLANG_WARN__DUPLICATE_METHOD_MATCH = YES;
				COPY_PHASE_STRIP = NO;
				DEBUG_INFORMATION_FORMAT = "dwarf-with-dsym";
				ENABLE_NS_ASSERTIONS = NO;
				ENABLE_STRICT_OBJC_MSGSEND = YES;
				GCC_C_LANGUAGE_STANDARD = gnu11;
				GCC_NO_COMMON_BLOCKS = YES;
				GCC_WARN_64_TO_32_BIT_CONVERSION = YES;
				GCC_WARN_ABOUT_RETURN_TYPE = YES_ERROR;
				GCC_WARN_UNDECLARED_SELECTOR = YES;
				GCC_WARN_UNINITIALIZED_AUTOS = YES_AGGRESSIVE;
				GCC_WARN_UNUSED_FUNCTION = YES;
				GCC_WARN_UNUSED_VARIABLE = YES;
				IPHONEOS_DEPLOYMENT_TARGET = 13.6;
				MTL_ENABLE_DEBUG_INFO = NO;
				MTL_FAST_MATH = YES;
				SDKROOT = iphoneos;
				SWIFT_COMPILATION_MODE = wholemodule;
				SWIFT_OPTIMIZATION_LEVEL = "-O";
				VALIDATE_PRODUCT = YES;
			};
			name = Release;
		};
		7DEE5A5024F2682200487BEF /* Debug */ = {
			isa = XCBuildConfiguration;
			baseConfigurationReference = CA610FBAE838538398B50CC5 /* Pods-MyGame.debug.xcconfig */;
			buildSettings = {
				ASSETCATALOG_COMPILER_APPICON_NAME = AppIcon;
				CODE_SIGN_STYLE = Automatic;
				INFOPLIST_FILE = MyGame/Info.plist;
				LD_RUNPATH_SEARCH_PATHS = (
					"$(inherited)",
					"@executable_path/Frameworks",
				);
				PRODUCT_BUNDLE_IDENTIFIER = jemzza.MyGame;
				PRODUCT_NAME = "$(TARGET_NAME)";
				SWIFT_VERSION = 5.0;
				TARGETED_DEVICE_FAMILY = "1,2";
			};
			name = Debug;
		};
		7DEE5A5124F2682200487BEF /* Release */ = {
			isa = XCBuildConfiguration;
			baseConfigurationReference = 8FD451D78A96FC2BB8B79814 /* Pods-MyGame.release.xcconfig */;
			buildSettings = {
				ASSETCATALOG_COMPILER_APPICON_NAME = AppIcon;
				CODE_SIGN_STYLE = Automatic;
				INFOPLIST_FILE = MyGame/Info.plist;
				LD_RUNPATH_SEARCH_PATHS = (
					"$(inherited)",
					"@executable_path/Frameworks",
				);
				PRODUCT_BUNDLE_IDENTIFIER = jemzza.MyGame;
				PRODUCT_NAME = "$(TARGET_NAME)";
				SWIFT_VERSION = 5.0;
				TARGETED_DEVICE_FAMILY = "1,2";
			};
			name = Release;
		};
/* End XCBuildConfiguration section */

/* Begin XCConfigurationList section */
		7DEE5A3224F2681C00487BEF /* Build configuration list for PBXProject "MyGame" */ = {
			isa = XCConfigurationList;
			buildConfigurations = (
				7DEE5A4D24F2682200487BEF /* Debug */,
				7DEE5A4E24F2682200487BEF /* Release */,
			);
			defaultConfigurationIsVisible = 0;
			defaultConfigurationName = Release;
		};
		7DEE5A4F24F2682200487BEF /* Build configuration list for PBXNativeTarget "MyGame" */ = {
			isa = XCConfigurationList;
			buildConfigurations = (
				7DEE5A5024F2682200487BEF /* Debug */,
				7DEE5A5124F2682200487BEF /* Release */,
			);
			defaultConfigurationIsVisible = 0;
			defaultConfigurationName = Release;
		};
/* End XCConfigurationList section */
	};
	rootObject = 7DEE5A2F24F2681C00487BEF /* Project object */;
}
